
Microsoft Visual Studio Solution File, Format Version 12.00
# Visual Studio Version 17
VisualStudioVersion = 17.8.34330.188
MinimumVisualStudioVersion = 10.0.40219.1
Project("{FAE04EC0-301F-11D3-BF4B-00C04F79EFBC}") = "GIT_Module-3_KDZ-3", "GIT_Module-3_KDZ-3\GIT_Module-3_KDZ-3.csproj", "{36A76083-7EA8-4AF6-BEA0-0FBE5FC75110}"
EndProject
Global
	GlobalSection(SolutionConfigurationPlatforms) = preSolution
		Debug|Any CPU = Debug|Any CPU
		Release|Any CPU = Release|Any CPU
	EndGlobalSection
	GlobalSection(ProjectConfigurationPlatforms) = postSolution
		{36A76083-7EA8-4AF6-BEA0-0FBE5FC75110}.Debug|Any CPU.ActiveCfg = Debug|Any CPU
		{36A76083-7EA8-4AF6-BEA0-0FBE5FC75110}.Debug|Any CPU.Build.0 = Debug|Any CPU
		{36A76083-7EA8-4AF6-BEA0-0FBE5FC75110}.Release|Any CPU.ActiveCfg = Release|Any CPU
		{36A76083-7EA8-4AF6-BEA0-0FBE5FC75110}.Release|Any CPU.Build.0 = Release|Any CPU
	EndGlobalSection
	GlobalSection(SolutionProperties) = preSolution
		HideSolutionNode = FALSE
	EndGlobalSection
	GlobalSection(ExtensibilityGlobals) = postSolution
		SolutionGuid = {00CB4923-678A-4109-B0EB-BBB63658E981}
	EndGlobalSection
EndGlobal
